
Microsoft Visual Studio Solution File, Format Version 12.00
# Visual Studio Version 17
VisualStudioVersion = 17.9.34728.123
MinimumVisualStudioVersion = 10.0.40219.1
Project("{FAE04EC0-301F-11D3-BF4B-00C04F79EFBC}") = "Complementario025834157", "Complementario025834157\Complementario025834157.csproj", "{257D03B7-70AA-4B8D-A914-007F26E2A72C}"
EndProject
Global
	GlobalSection(SolutionConfigurationPlatforms) = preSolution
		Debug|Any CPU = Debug|Any CPU
		Release|Any CPU = Release|Any CPU
	EndGlobalSection
	GlobalSection(ProjectConfigurationPlatforms) = postSolution
		{257D03B7-70AA-4B8D-A914-007F26E2A72C}.Debug|Any CPU.ActiveCfg = Debug|Any CPU
		{257D03B7-70AA-4B8D-A914-007F26E2A72C}.Debug|Any CPU.Build.0 = Debug|Any CPU
		{257D03B7-70AA-4B8D-A914-007F26E2A72C}.Debug|Any CPU.Deploy.0 = Debug|Any CPU
		{257D03B7-70AA-4B8D-A914-007F26E2A72C}.Release|Any CPU.ActiveCfg = Release|Any CPU
		{257D03B7-70AA-4B8D-A914-007F26E2A72C}.Release|Any CPU.Build.0 = Release|Any CPU
		{257D03B7-70AA-4B8D-A914-007F26E2A72C}.Release|Any CPU.Deploy.0 = Release|Any CPU
	EndGlobalSection
	GlobalSection(SolutionProperties) = preSolution
		HideSolutionNode = FALSE
	EndGlobalSection
	GlobalSection(ExtensibilityGlobals) = postSolution
		SolutionGuid = {7DED605C-5C32-416B-92D2-A079A850C71E}
	EndGlobalSection
EndGlobal
